
Microsoft Visual Studio Solution File, Format Version 12.00
# Visual Studio Version 16
VisualStudioVersion = 16.0.28729.10
MinimumVisualStudioVersion = 10.0.40219.1
Project("{8BC9CEB8-8B4A-11D0-8D11-00A0C91BC942}") = "MrRayTracer", "MrRayTracer\MrRayTracer.vcxproj", "{E8798F5B-2345-4315-A72E-266E814123AA}"
EndProject
Global
	GlobalSection(SolutionConfigurationPlatforms) = preSolution
		Debug|x64 = Debug|x64
		Debug|x86 = Debug|x86
		Release|x64 = Release|x64
		Release|x86 = Release|x86
	EndGlobalSection
	GlobalSection(ProjectConfigurationPlatforms) = postSolution
		{E8798F5B-2345-4315-A72E-266E814123AA}.Debug|x64.ActiveCfg = Debug|x64
		{E8798F5B-2345-4315-A72E-266E814123AA}.Debug|x64.Build.0 = Debug|x64
		{E8798F5B-2345-4315-A72E-266E814123AA}.Debug|x86.ActiveCfg = Debug|Win32
		{E8798F5B-2345-4315-A72E-266E814123AA}.Debug|x86.Build.0 = Debug|Win32
		{E8798F5B-2345-4315-A72E-266E814123AA}.Release|x64.ActiveCfg = Release|x64
		{E8798F5B-2345-4315-A72E-266E814123AA}.Release|x64.Build.0 = Release|x64
		{E8798F5B-2345-4315-A72E-266E814123AA}.Release|x86.ActiveCfg = Release|Win32
		{E8798F5B-2345-4315-A72E-266E814123AA}.Release|x86.Build.0 = Release|Win32
	EndGlobalSection
	GlobalSection(SolutionProperties) = preSolution
		HideSolutionNode = FALSE
	EndGlobalSection
	GlobalSection(ExtensibilityGlobals) = postSolution
		SolutionGuid = {EBE15B82-9B49-4BA0-B4A4-65E67C252E67}
	EndGlobalSection
EndGlobal
